{
  "requires": true,
  "lockfileVersion": 1,
  "dependencies": {
    "complex.js": {
      "version": "2.0.4",
      "resolved": "https://registry.npmjs.org/complex.js/-/complex.js-2.0.4.tgz",
      "integrity": "sha512-Syl95HpxUTS0QjwNxencZsKukgh1zdS9uXeXX2Us0pHaqBR6kiZZi0AkZ9VpZFwHJyVIUVzI4EumjWdXP3fy6w=="
    },
    "compute-covariance": {
      "version": "1.0.1",
      "resolved": "https://registry.npmjs.org/compute-covariance/-/compute-covariance-1.0.1.tgz",
      "integrity": "sha1-6gTZ64E4Adza66zfiILsPwmiEwU=",
      "requires": {
        "validate.io-object": "1.0.4"
      }
    },
    "decimal.js": {
      "version": "9.0.1",
      "resolved": "https://registry.npmjs.org/decimal.js/-/decimal.js-9.0.1.tgz",
      "integrity": "sha512-2h0iKbJwnImBk4TGk7CG1xadoA0g3LDPlQhQzbZ221zvG0p2YVUedbKIPsOZXKZGx6YmZMJKYOalpCMxSdDqTQ=="
    },
    "escape-latex": {
      "version": "1.0.0",
      "resolved": "https://registry.npmjs.org/escape-latex/-/escape-latex-1.0.0.tgz",
      "integrity": "sha512-oogO9Cg3n/4nspF34CTfXFymgI79skca66DebIIQgxVy6qRVqczl/ji2YGAqhFCzpD/oAt/fCWF4qlhMAfda+g=="
    },
    "fraction.js": {
      "version": "4.0.4",
      "resolved": "https://registry.npmjs.org/fraction.js/-/fraction.js-4.0.4.tgz",
      "integrity": "sha512-aK/oGatyYLTtXRHjfEsytX5fieeR5H4s8sLorzcT12taFS+dbMZejnvm9gRa8mZAPwci24ucjq9epDyaq5u8Iw=="
    },
    "javascript-natural-sort": {
      "version": "0.7.1",
      "resolved": "https://registry.npmjs.org/javascript-natural-sort/-/javascript-natural-sort-0.7.1.tgz",
      "integrity": "sha1-+eIwPUUH9tdDVac2ZNFED7Wg71k="
    },
    "lodash": {
      "version": "4.17.5",
      "resolved": "https://registry.npmjs.org/lodash/-/lodash-4.17.5.tgz",
      "integrity": "sha512-svL3uiZf1RwhH+cWrfZn3A4+U58wbP0tGVTLQPbjplZxZ8ROD9VLuNgsRniTlLe7OlSqR79RUehXgpBW/s0IQw=="
    },
    "mathjs": {
      "version": "4.0.1",
      "resolved": "https://registry.npmjs.org/mathjs/-/mathjs-4.0.1.tgz",
      "integrity": "sha512-XqQF+755gF9jjdno0X3V/1SzHJIE784jSo9fhu6DlYtcjo14vj/4jbiRV8mc28uqVP8hVk2JXBGvwTWDaSaSfw==",
      "requires": {
        "complex.js": "2.0.4",
        "decimal.js": "9.0.1",
        "escape-latex": "1.0.0",
        "fraction.js": "4.0.4",
        "javascript-natural-sort": "0.7.1",
        "seed-random": "2.2.0",
        "tiny-emitter": "2.0.2",
        "typed-function": "1.0.3"
      }
    },
    "ml-array-max": {
      "version": "1.0.1",
      "resolved": "https://registry.npmjs.org/ml-array-max/-/ml-array-max-1.0.1.tgz",
      "integrity": "sha512-6wdNU+pLrODrGvqP2Yu2kQTJEayzR4vBzrc1JPwO5+j8cgxLCKA5YLEorbnJm85Dn+bLSkpzNkm9CeIxyNTKvw=="
    },
    "ml-array-min": {
      "version": "1.0.1",
      "resolved": "https://registry.npmjs.org/ml-array-min/-/ml-array-min-1.0.1.tgz",
      "integrity": "sha512-lMUTSRub73HhWhPuuSYQY8K+ECpQO/ckoYdVWNlWqVYCUhmzQe+pzl5YrQqrHWHKuYmCwYu1cEGC8z3+j9XB7w=="
    },
    "ml-array-rescale": {
      "version": "1.1.0",
      "resolved": "https://registry.npmjs.org/ml-array-rescale/-/ml-array-rescale-1.1.0.tgz",
      "integrity": "sha512-pBUZV5klWv/H0tgCnOFCIdny9WTCk9jUP/2JebS1otnh/PcRaH9csv4PLt8K4f2r7P++uPrRja0PJa2GQwehbg==",
      "requires": {
        "ml-array-max": "1.0.1",
        "ml-array-min": "1.0.1"
      }
    },
    "ml-matrix": {
      "version": "5.0.1",
      "resolved": "https://registry.npmjs.org/ml-matrix/-/ml-matrix-5.0.1.tgz",
      "integrity": "sha512-QMPLizHaG+5QIm98twKAizO8P3CNJPfXRj9armaukSK+nOZYIr1kONoZCvfNDBrOaQjz/ld1Cgb0+tcpdLK+hw==",
      "requires": {
        "ml-array-rescale": "1.1.0"
      }
    },
    "seed-random": {
      "version": "2.2.0",
      "resolved": "https://registry.npmjs.org/seed-random/-/seed-random-2.2.0.tgz",
      "integrity": "sha1-KpsZ4lCoFwmSMaW5mk2vgLf77VQ="
    },
    "tiny-emitter": {
      "version": "2.0.2",
      "resolved": "https://registry.npmjs.org/tiny-emitter/-/tiny-emitter-2.0.2.tgz",
      "integrity": "sha512-2NM0auVBGft5tee/OxP4PI3d8WItkDM+fPnaRAVo6xTDI2knbz9eC5ArWGqtGlYqiH3RU5yMpdyTTO7MguC4ow=="
    },
    "typed-function": {
      "version": "1.0.3",
      "resolved": "https://registry.npmjs.org/typed-function/-/typed-function-1.0.3.tgz",
      "integrity": "sha512-sVC/1pm70oELDFMdYtFXMFqyawenLoaDiAXA3QvOAwKF/WvFNTSJN23cY2lFNL8iP0kh3T0PPKewrboO8XUVGQ=="
    },
    "validate.io-array": {
      "version": "1.0.6",
      "resolved": "https://registry.npmjs.org/validate.io-array/-/validate.io-array-1.0.6.tgz",
      "integrity": "sha1-W1osr9j4uFq7L4hroVPy2Tond00="
    },
    "validate.io-object": {
      "version": "1.0.4",
      "resolved": "https://registry.npmjs.org/validate.io-object/-/validate.io-object-1.0.4.tgz",
      "integrity": "sha1-3KAezu45DhENvCr4Q8gfe/M6Qas=",
      "requires": {
        "validate.io-array": "1.0.6"
      }
    }
  }
}
